// !$*UTF8*$!
{
	archiveVersion = 1;
	classes = {
	};
	objectVersion = 52;
	objects = {

/* Begin PBXBuildFile section */
		731FE15A2727D9ED0013311D /* ImageGridView.swift in Sources */ = {isa = PBXBuildFile; fileRef = 731FE1562727D9ED0013311D /* ImageGridView.swift */; };
		731FE15B2727D9ED0013311D /* HomeView.swift in Sources */ = {isa = PBXBuildFile; fileRef = 731FE1572727D9ED0013311D /* HomeView.swift */; };
		731FE15C2727D9ED0013311D /* ImageHView.swift in Sources */ = {isa = PBXBuildFile; fileRef = 731FE1582727D9ED0013311D /* ImageHView.swift */; };
		731FE15D2727D9ED0013311D /* ImageRow.swift in Sources */ = {isa = PBXBuildFile; fileRef = 731FE1592727D9ED0013311D /* ImageRow.swift */; };
		7322C081272A929300D426F7 /* Resolver in Frameworks */ = {isa = PBXBuildFile; productRef = 7322C080272A929300D426F7 /* Resolver */; };
		732AE1BD2727ADE1004D5A3C /* Icon.swift in Sources */ = {isa = PBXBuildFile; fileRef = 732AE1BC2727ADE1004D5A3C /* Icon.swift */; };
		732B94BE2726C379005A7416 /* LoginView.swift in Sources */ = {isa = PBXBuildFile; fileRef = 732B94BD2726C379005A7416 /* LoginView.swift */; };
		732BF58E27267CC800DC18E3 /* libData.json in Resources */ = {isa = PBXBuildFile; fileRef = 732BF58D27267CC800DC18E3 /* libData.json */; };
		73569EB8272FA59D00A72153 /* Testinputphoto.swift in Sources */ = {isa = PBXBuildFile; fileRef = 73569EB7272FA59D00A72153 /* Testinputphoto.swift */; };
		737EBDA72729542700C4513D /* libUser.json in Resources */ = {isa = PBXBuildFile; fileRef = 737EBDA62729542700C4513D /* libUser.json */; };
		737EBDA92729565400C4513D /* UserModel.swift in Sources */ = {isa = PBXBuildFile; fileRef = 737EBDA82729565400C4513D /* UserModel.swift */; };
		737EBDAE272A865D00C4513D /* FirebaseAnalytics in Frameworks */ = {isa = PBXBuildFile; productRef = 737EBDAD272A865D00C4513D /* FirebaseAnalytics */; };
		737EBDB0272A865D00C4513D /* FirebaseAnalyticsSwift-Beta in Frameworks */ = {isa = PBXBuildFile; productRef = 737EBDAF272A865D00C4513D /* FirebaseAnalyticsSwift-Beta */; };
		737EBDB2272A865D00C4513D /* FirebaseAuth in Frameworks */ = {isa = PBXBuildFile; productRef = 737EBDB1272A865D00C4513D /* FirebaseAuth */; };
		737EBDB4272A865D00C4513D /* FirebaseDatabase in Frameworks */ = {isa = PBXBuildFile; productRef = 737EBDB3272A865D00C4513D /* FirebaseDatabase */; };
		737EBDB6272A865D00C4513D /* FirebaseDatabaseSwift-Beta in Frameworks */ = {isa = PBXBuildFile; productRef = 737EBDB5272A865D00C4513D /* FirebaseDatabaseSwift-Beta */; };
		737EBDB8272A865D00C4513D /* FirebaseFirestore in Frameworks */ = {isa = PBXBuildFile; productRef = 737EBDB7272A865D00C4513D /* FirebaseFirestore */; };
		737EBDBA272A865D00C4513D /* FirebaseFirestoreSwift-Beta in Frameworks */ = {isa = PBXBuildFile; productRef = 737EBDB9272A865D00C4513D /* FirebaseFirestoreSwift-Beta */; };
		737EBDBC272A865D00C4513D /* FirebaseFunctions in Frameworks */ = {isa = PBXBuildFile; productRef = 737EBDBB272A865D00C4513D /* FirebaseFunctions */; };
		737EBDBE272A865D00C4513D /* FirebaseInAppMessaging-Beta in Frameworks */ = {isa = PBXBuildFile; productRef = 737EBDBD272A865D00C4513D /* FirebaseInAppMessaging-Beta */; };
		737EBDC0272A865D00C4513D /* FirebaseInAppMessagingSwift-Beta in Frameworks */ = {isa = PBXBuildFile; productRef = 737EBDBF272A865D00C4513D /* FirebaseInAppMessagingSwift-Beta */; };
		737EBDC2272A865D00C4513D /* FirebaseMessaging in Frameworks */ = {isa = PBXBuildFile; productRef = 737EBDC1272A865D00C4513D /* FirebaseMessaging */; };
		737EBDC4272A865D00C4513D /* FirebasePerformance in Frameworks */ = {isa = PBXBuildFile; productRef = 737EBDC3272A865D00C4513D /* FirebasePerformance */; };
		737EBDC6272A865D00C4513D /* FirebaseRemoteConfig in Frameworks */ = {isa = PBXBuildFile; productRef = 737EBDC5272A865D00C4513D /* FirebaseRemoteConfig */; };
		737EBDC8272A865D00C4513D /* FirebaseStorage in Frameworks */ = {isa = PBXBuildFile; productRef = 737EBDC7272A865D00C4513D /* FirebaseStorage */; };
		737EBDCA272A865D00C4513D /* FirebaseStorageSwift-Beta in Frameworks */ = {isa = PBXBuildFile; productRef = 737EBDC9272A865D00C4513D /* FirebaseStorageSwift-Beta */; };
		737EBDCC272A878300C4513D /* GoogleService-Info.plist in Resources */ = {isa = PBXBuildFile; fileRef = 737EBDCB272A878300C4513D /* GoogleService-Info.plist */; };
		739EE4A0272BD6870041C35C /* NavigationBarGestureControl.swift in Sources */ = {isa = PBXBuildFile; fileRef = 739EE49F272BD6870041C35C /* NavigationBarGestureControl.swift */; };
		73AA3568272CB90100196FA4 /* TestView.swift in Sources */ = {isa = PBXBuildFile; fileRef = 73AA3567272CB90100196FA4 /* TestView.swift */; };
		73B6F015272679C600446F4B /* ViewModel.swift in Sources */ = {isa = PBXBuildFile; fileRef = 73B6F014272679C600446F4B /* ViewModel.swift */; };
		73BA894D27281D4400597308 /* RegistrationView.swift in Sources */ = {isa = PBXBuildFile; fileRef = 73BA894C27281D4400597308 /* RegistrationView.swift */; };
		73BC055A27227DE90092B483 /* Color.swift in Sources */ = {isa = PBXBuildFile; fileRef = 73BC055927227DE90092B483 /* Color.swift */; };
		73BFFFC427214EAE00375684 /* AppDelegate.swift in Sources */ = {isa = PBXBuildFile; fileRef = 73BFFFC327214EAE00375684 /* AppDelegate.swift */; };
		73BFFFC627214EAE00375684 /* SceneDelegate.swift in Sources */ = {isa = PBXBuildFile; fileRef = 73BFFFC527214EAE00375684 /* SceneDelegate.swift */; };
		73BFFFCB27214EAE00375684 /* PrivateLibrary.xcdatamodeld in Sources */ = {isa = PBXBuildFile; fileRef = 73BFFFC927214EAE00375684 /* PrivateLibrary.xcdatamodeld */; };
		73BFFFCD27214EAF00375684 /* Assets.xcassets in Resources */ = {isa = PBXBuildFile; fileRef = 73BFFFCC27214EAF00375684 /* Assets.xcassets */; };
		73BFFFD027214EAF00375684 /* Preview Assets.xcassets in Resources */ = {isa = PBXBuildFile; fileRef = 73BFFFCF27214EAF00375684 /* Preview Assets.xcassets */; };
		73BFFFD327214EAF00375684 /* LaunchScreen.storyboard in Resources */ = {isa = PBXBuildFile; fileRef = 73BFFFD127214EAF00375684 /* LaunchScreen.storyboard */; };
		73C09B3D2725250A0048BC85 /* MapView.swift in Sources */ = {isa = PBXBuildFile; fileRef = 73C09B3C2725250A0048BC85 /* MapView.swift */; };
		73C09B402725279D0048BC85 /* DetailView.swift in Sources */ = {isa = PBXBuildFile; fileRef = 73C09B3F2725279D0048BC85 /* DetailView.swift */; };
		73C09B4927252F980048BC85 /* ModelData.swift in Sources */ = {isa = PBXBuildFile; fileRef = 73C09B4827252F980048BC85 /* ModelData.swift */; };
		73D6A396272D7C9300C6585B /* DBTestList.swift in Sources */ = {isa = PBXBuildFile; fileRef = 73D6A395272D7C9300C6585B /* DBTestList.swift */; };
		EE9B91D4272D2E7B005BCFA5 /* ForgotView.swift in Sources */ = {isa = PBXBuildFile; fileRef = EE9B91D3272D2E7A005BCFA5 /* ForgotView.swift */; };
		EEDCBFC42730313A0018B032 /* AddBookInfoView.swift in Sources */ = {isa = PBXBuildFile; fileRef = EEDCBFC32730313A0018B032 /* AddBookInfoView.swift */; };
/* End PBXBuildFile section */

/* Begin PBXFileReference section */
		731FE1562727D9ED0013311D /* ImageGridView.swift */ = {isa = PBXFileReference; lastKnownFileType = sourcecode.swift; path = ImageGridView.swift; sourceTree = "<group>"; };
		731FE1572727D9ED0013311D /* HomeView.swift */ = {isa = PBXFileReference; lastKnownFileType = sourcecode.swift; path = HomeView.swift; sourceTree = "<group>"; };
		731FE1582727D9ED0013311D /* ImageHView.swift */ = {isa = PBXFileReference; lastKnownFileType = sourcecode.swift; path = ImageHView.swift; sourceTree = "<group>"; };
		731FE1592727D9ED0013311D /* ImageRow.swift */ = {isa = PBXFileReference; lastKnownFileType = sourcecode.swift; path = ImageRow.swift; sourceTree = "<group>"; };
		732AE1BC2727ADE1004D5A3C /* Icon.swift */ = {isa = PBXFileReference; lastKnownFileType = sourcecode.swift; path = Icon.swift; sourceTree = "<group>"; };
		732B94BD2726C379005A7416 /* LoginView.swift */ = {isa = PBXFileReference; lastKnownFileType = sourcecode.swift; path = LoginView.swift; sourceTree = "<group>"; };
		732BF58D27267CC800DC18E3 /* libData.json */ = {isa = PBXFileReference; fileEncoding = 4; lastKnownFileType = text.json; path = libData.json; sourceTree = "<group>"; };
		73569EB7272FA59D00A72153 /* Testinputphoto.swift */ = {isa = PBXFileReference; lastKnownFileType = sourcecode.swift; path = Testinputphoto.swift; sourceTree = "<group>"; };
		737EBDA62729542700C4513D /* libUser.json */ = {isa = PBXFileReference; fileEncoding = 4; lastKnownFileType = text.json; path = libUser.json; sourceTree = "<group>"; };
		737EBDA82729565400C4513D /* UserModel.swift */ = {isa = PBXFileReference; lastKnownFileType = sourcecode.swift; path = UserModel.swift; sourceTree = "<group>"; };
		737EBDCB272A878300C4513D /* GoogleService-Info.plist */ = {isa = PBXFileReference; fileEncoding = 4; lastKnownFileType = text.plist.xml; path = "GoogleService-Info.plist"; sourceTree = "<group>"; };
		737EBDCF272A8DBA00C4513D /* PrivateLibrary.entitlements */ = {isa = PBXFileReference; lastKnownFileType = text.plist.entitlements; path = PrivateLibrary.entitlements; sourceTree = "<group>"; };
		739EE49F272BD6870041C35C /* NavigationBarGestureControl.swift */ = {isa = PBXFileReference; lastKnownFileType = sourcecode.swift; path = NavigationBarGestureControl.swift; sourceTree = "<group>"; };
		73AA3567272CB90100196FA4 /* TestView.swift */ = {isa = PBXFileReference; lastKnownFileType = sourcecode.swift; name = TestView.swift; path = Views/TestView.swift; sourceTree = "<group>"; };
		73B6F014272679C600446F4B /* ViewModel.swift */ = {isa = PBXFileReference; lastKnownFileType = sourcecode.swift; path = ViewModel.swift; sourceTree = "<group>"; };
		73BA894C27281D4400597308 /* RegistrationView.swift */ = {isa = PBXFileReference; lastKnownFileType = sourcecode.swift; path = RegistrationView.swift; sourceTree = "<group>"; };
		73BC055927227DE90092B483 /* Color.swift */ = {isa = PBXFileReference; lastKnownFileType = sourcecode.swift; path = Color.swift; sourceTree = "<group>"; };
		73BFFFC027214EAE00375684 /* PrivateLibrary.app */ = {isa = PBXFileReference; explicitFileType = wrapper.application; includeInIndex = 0; path = PrivateLibrary.app; sourceTree = BUILT_PRODUCTS_DIR; };
		73BFFFC327214EAE00375684 /* AppDelegate.swift */ = {isa = PBXFileReference; lastKnownFileType = sourcecode.swift; path = AppDelegate.swift; sourceTree = "<group>"; };
		73BFFFC527214EAE00375684 /* SceneDelegate.swift */ = {isa = PBXFileReference; lastKnownFileType = sourcecode.swift; path = SceneDelegate.swift; sourceTree = "<group>"; };
		73BFFFCA27214EAE00375684 /* PrivateLibrary.xcdatamodel */ = {isa = PBXFileReference; lastKnownFileType = wrapper.xcdatamodel; path = PrivateLibrary.xcdatamodel; sourceTree = "<group>"; };
		73BFFFCC27214EAF00375684 /* Assets.xcassets */ = {isa = PBXFileReference; lastKnownFileType = folder.assetcatalog; path = Assets.xcassets; sourceTree = "<group>"; };
		73BFFFCF27214EAF00375684 /* Preview Assets.xcassets */ = {isa = PBXFileReference; lastKnownFileType = folder.assetcatalog; path = "Preview Assets.xcassets"; sourceTree = "<group>"; };
		73BFFFD227214EAF00375684 /* Base */ = {isa = PBXFileReference; lastKnownFileType = file.storyboard; name = Base; path = Base.lproj/LaunchScreen.storyboard; sourceTree = "<group>"; };
		73BFFFD427214EAF00375684 /* Info.plist */ = {isa = PBXFileReference; lastKnownFileType = text.plist.xml; path = Info.plist; sourceTree = "<group>"; };
		73C09B3C2725250A0048BC85 /* MapView.swift */ = {isa = PBXFileReference; lastKnownFileType = sourcecode.swift; path = MapView.swift; sourceTree = "<group>"; };
		73C09B3F2725279D0048BC85 /* DetailView.swift */ = {isa = PBXFileReference; lastKnownFileType = sourcecode.swift; path = DetailView.swift; sourceTree = "<group>"; };
		73C09B4827252F980048BC85 /* ModelData.swift */ = {isa = PBXFileReference; lastKnownFileType = sourcecode.swift; path = ModelData.swift; sourceTree = "<group>"; };
		73D6A395272D7C9300C6585B /* DBTestList.swift */ = {isa = PBXFileReference; lastKnownFileType = sourcecode.swift; path = DBTestList.swift; sourceTree = "<group>"; };
		EE9B91D3272D2E7A005BCFA5 /* ForgotView.swift */ = {isa = PBXFileReference; lastKnownFileType = sourcecode.swift; path = ForgotView.swift; sourceTree = "<group>"; };
		EEDCBFC32730313A0018B032 /* AddBookInfoView.swift */ = {isa = PBXFileReference; lastKnownFileType = sourcecode.swift; path = AddBookInfoView.swift; sourceTree = "<group>"; };
/* End PBXFileReference section */

/* Begin PBXFrameworksBuildPhase section */
		73BFFFBD27214EAE00375684 /* Frameworks */ = {
			isa = PBXFrameworksBuildPhase;
			buildActionMask = 2147483647;
			files = (
				737EBDB6272A865D00C4513D /* FirebaseDatabaseSwift-Beta in Frameworks */,
				737EBDB0272A865D00C4513D /* FirebaseAnalyticsSwift-Beta in Frameworks */,
				737EBDC4272A865D00C4513D /* FirebasePerformance in Frameworks */,
				737EBDC0272A865D00C4513D /* FirebaseInAppMessagingSwift-Beta in Frameworks */,
				737EBDBE272A865D00C4513D /* FirebaseInAppMessaging-Beta in Frameworks */,
				737EBDCA272A865D00C4513D /* FirebaseStorageSwift-Beta in Frameworks */,
				737EBDBA272A865D00C4513D /* FirebaseFirestoreSwift-Beta in Frameworks */,
				737EBDBC272A865D00C4513D /* FirebaseFunctions in Frameworks */,
				737EBDB2272A865D00C4513D /* FirebaseAuth in Frameworks */,
				737EBDB4272A865D00C4513D /* FirebaseDatabase in Frameworks */,
				7322C081272A929300D426F7 /* Resolver in Frameworks */,
				737EBDAE272A865D00C4513D /* FirebaseAnalytics in Frameworks */,
				737EBDC6272A865D00C4513D /* FirebaseRemoteConfig in Frameworks */,
				737EBDC8272A865D00C4513D /* FirebaseStorage in Frameworks */,
				737EBDC2272A865D00C4513D /* FirebaseMessaging in Frameworks */,
				737EBDB8272A865D00C4513D /* FirebaseFirestore in Frameworks */,
			);
			runOnlyForDeploymentPostprocessing = 0;
		};
/* End PBXFrameworksBuildPhase section */

/* Begin PBXGroup section */
		731FE15F2727F50A0013311D /* Fonts */ = {
			isa = PBXGroup;
			children = (
			);
			path = Fonts;
			sourceTree = "<group>";
		};
		7346DE8D272171FB0053C4C7 /* Model */ = {
			isa = PBXGroup;
			children = (
				73C09B4827252F980048BC85 /* ModelData.swift */,
				73B6F014272679C600446F4B /* ViewModel.swift */,
				737EBDA82729565400C4513D /* UserModel.swift */,
			);
			path = Model;
			sourceTree = "<group>";
		};
		73BC055B27227E2B0092B483 /* Extension */ = {
			isa = PBXGroup;
			children = (
				73BC055927227DE90092B483 /* Color.swift */,
				739EE49F272BD6870041C35C /* NavigationBarGestureControl.swift */,
			);
			path = Extension;
			sourceTree = "<group>";
		};
		73BFFFB727214EAE00375684 = {
			isa = PBXGroup;
			children = (
				73AA3567272CB90100196FA4 /* TestView.swift */,
				731FE15F2727F50A0013311D /* Fonts */,
				73C09B4A272534590048BC85 /* Resources */,
				73C09B3E2725278B0048BC85 /* Views */,
				73BC055B27227E2B0092B483 /* Extension */,
				7346DE8D272171FB0053C4C7 /* Model */,
				73BFFFC227214EAE00375684 /* PrivateLibrary */,
				73BFFFC127214EAE00375684 /* Products */,
			);
			sourceTree = "<group>";
		};
		73BFFFC127214EAE00375684 /* Products */ = {
			isa = PBXGroup;
			children = (
				73BFFFC027214EAE00375684 /* PrivateLibrary.app */,
			);
			name = Products;
			sourceTree = "<group>";
		};
		73BFFFC227214EAE00375684 /* PrivateLibrary */ = {
			isa = PBXGroup;
			children = (
				737EBDCF272A8DBA00C4513D /* PrivateLibrary.entitlements */,
				73BFFFC327214EAE00375684 /* AppDelegate.swift */,
				73BFFFC527214EAE00375684 /* SceneDelegate.swift */,
				73BFFFCC27214EAF00375684 /* Assets.xcassets */,
				73BFFFD127214EAF00375684 /* LaunchScreen.storyboard */,
				73BFFFD427214EAF00375684 /* Info.plist */,
				73BFFFC927214EAE00375684 /* PrivateLibrary.xcdatamodeld */,
				737EBDCB272A878300C4513D /* GoogleService-Info.plist */,
				73BFFFCE27214EAF00375684 /* Preview Content */,
			);
			path = PrivateLibrary;
			sourceTree = "<group>";
		};
		73BFFFCE27214EAF00375684 /* Preview Content */ = {
			isa = PBXGroup;
			children = (
				73BFFFCF27214EAF00375684 /* Preview Assets.xcassets */,
			);
			path = "Preview Content";
			sourceTree = "<group>";
		};
		73C09B3E2725278B0048BC85 /* Views */ = {
			isa = PBXGroup;
			children = (
				731FE1572727D9ED0013311D /* HomeView.swift */,
				73D6A395272D7C9300C6585B /* DBTestList.swift */,
				731FE1562727D9ED0013311D /* ImageGridView.swift */,
				731FE1582727D9ED0013311D /* ImageHView.swift */,
				731FE1592727D9ED0013311D /* ImageRow.swift */,
				73C09B3C2725250A0048BC85 /* MapView.swift */,
				732B94BD2726C379005A7416 /* LoginView.swift */,
				73C09B3F2725279D0048BC85 /* DetailView.swift */,
				732AE1BC2727ADE1004D5A3C /* Icon.swift */,
				73BA894C27281D4400597308 /* RegistrationView.swift */,
				EE9B91D3272D2E7A005BCFA5 /* ForgotView.swift */,
				73569EB7272FA59D00A72153 /* Testinputphoto.swift */,
				EEDCBFC32730313A0018B032 /* AddBookInfoView.swift */,
			);
			path = Views;
			sourceTree = "<group>";
		};
		73C09B4A272534590048BC85 /* Resources */ = {
			isa = PBXGroup;
			children = (
				732BF58D27267CC800DC18E3 /* libData.json */,
				737EBDA62729542700C4513D /* libUser.json */,
			);
			path = Resources;
			sourceTree = "<group>";
		};
/* End PBXGroup section */

/* Begin PBXNativeTarget section */
		73BFFFBF27214EAE00375684 /* PrivateLibrary */ = {
			isa = PBXNativeTarget;
			buildConfigurationList = 73BFFFD727214EAF00375684 /* Build configuration list for PBXNativeTarget "PrivateLibrary" */;
			buildPhases = (
				73BFFFBC27214EAE00375684 /* Sources */,
				73BFFFBD27214EAE00375684 /* Frameworks */,
				73BFFFBE27214EAE00375684 /* Resources */,
			);
			buildRules = (
			);
			dependencies = (
			);
			name = PrivateLibrary;
			packageProductDependencies = (
				737EBDAD272A865D00C4513D /* FirebaseAnalytics */,
				737EBDAF272A865D00C4513D /* FirebaseAnalyticsSwift-Beta */,
				737EBDB1272A865D00C4513D /* FirebaseAuth */,
				737EBDB3272A865D00C4513D /* FirebaseDatabase */,
				737EBDB5272A865D00C4513D /* FirebaseDatabaseSwift-Beta */,
				737EBDB7272A865D00C4513D /* FirebaseFirestore */,
				737EBDB9272A865D00C4513D /* FirebaseFirestoreSwift-Beta */,
				737EBDBB272A865D00C4513D /* FirebaseFunctions */,
				737EBDBD272A865D00C4513D /* FirebaseInAppMessaging-Beta */,
				737EBDBF272A865D00C4513D /* FirebaseInAppMessagingSwift-Beta */,
				737EBDC1272A865D00C4513D /* FirebaseMessaging */,
				737EBDC3272A865D00C4513D /* FirebasePerformance */,
				737EBDC5272A865D00C4513D /* FirebaseRemoteConfig */,
				737EBDC7272A865D00C4513D /* FirebaseStorage */,
				737EBDC9272A865D00C4513D /* FirebaseStorageSwift-Beta */,
				7322C080272A929300D426F7 /* Resolver */,
			);
			productName = PrivateLibrary;
			productReference = 73BFFFC027214EAE00375684 /* PrivateLibrary.app */;
			productType = "com.apple.product-type.application";
		};
/* End PBXNativeTarget section */

/* Begin PBXProject section */
		73BFFFB827214EAE00375684 /* Project object */ = {
			isa = PBXProject;
			attributes = {
				LastSwiftUpdateCheck = 1250;
				LastUpgradeCheck = 1250;
				TargetAttributes = {
					73BFFFBF27214EAE00375684 = {
						CreatedOnToolsVersion = 12.5.1;
					};
				};
			};
			buildConfigurationList = 73BFFFBB27214EAE00375684 /* Build configuration list for PBXProject "PrivateLibrary" */;
			compatibilityVersion = "Xcode 9.3";
			developmentRegion = en;
			hasScannedForEncodings = 0;
			knownRegions = (
				en,
				Base,
			);
			mainGroup = 73BFFFB727214EAE00375684;
			packageReferences = (
				737EBDAC272A865D00C4513D /* XCRemoteSwiftPackageReference "firebase-ios-sdk" */,
				7322C07F272A929300D426F7 /* XCRemoteSwiftPackageReference "Resolver" */,
			);
			productRefGroup = 73BFFFC127214EAE00375684 /* Products */;
			projectDirPath = "";
			projectRoot = "";
			targets = (
				73BFFFBF27214EAE00375684 /* PrivateLibrary */,
			);
		};
/* End PBXProject section */

/* Begin PBXResourcesBuildPhase section */
		73BFFFBE27214EAE00375684 /* Resources */ = {
			isa = PBXResourcesBuildPhase;
			buildActionMask = 2147483647;
			files = (
				73BFFFD327214EAF00375684 /* LaunchScreen.storyboard in Resources */,
				73BFFFD027214EAF00375684 /* Preview Assets.xcassets in Resources */,
				732BF58E27267CC800DC18E3 /* libData.json in Resources */,
				73BFFFCD27214EAF00375684 /* Assets.xcassets in Resources */,
				737EBDA72729542700C4513D /* libUser.json in Resources */,
				737EBDCC272A878300C4513D /* GoogleService-Info.plist in Resources */,
			);
			runOnlyForDeploymentPostprocessing = 0;
		};
/* End PBXResourcesBuildPhase section */

/* Begin PBXSourcesBuildPhase section */
		73BFFFBC27214EAE00375684 /* Sources */ = {
			isa = PBXSourcesBuildPhase;
			buildActionMask = 2147483647;
			files = (
				73AA3568272CB90100196FA4 /* TestView.swift in Sources */,
				731FE15A2727D9ED0013311D /* ImageGridView.swift in Sources */,
				731FE15B2727D9ED0013311D /* HomeView.swift in Sources */,
				731FE15C2727D9ED0013311D /* ImageHView.swift in Sources */,
				739EE4A0272BD6870041C35C /* NavigationBarGestureControl.swift in Sources */,
				731FE15D2727D9ED0013311D /* ImageRow.swift in Sources */,
				73BC055A27227DE90092B483 /* Color.swift in Sources */,
				EEDCBFC42730313A0018B032 /* AddBookInfoView.swift in Sources */,
				73BFFFC427214EAE00375684 /* AppDelegate.swift in Sources */,
				73C09B4927252F980048BC85 /* ModelData.swift in Sources */,
				73B6F015272679C600446F4B /* ViewModel.swift in Sources */,
				73C09B402725279D0048BC85 /* DetailView.swift in Sources */,
				73BA894D27281D4400597308 /* RegistrationView.swift in Sources */,
				737EBDA92729565400C4513D /* UserModel.swift in Sources */,
				73D6A396272D7C9300C6585B /* DBTestList.swift in Sources */,
				73BFFFC627214EAE00375684 /* SceneDelegate.swift in Sources */,
				73BFFFCB27214EAE00375684 /* PrivateLibrary.xcdatamodeld in Sources */,
				73C09B3D2725250A0048BC85 /* MapView.swift in Sources */,
				732AE1BD2727ADE1004D5A3C /* Icon.swift in Sources */,
				732B94BE2726C379005A7416 /* LoginView.swift in Sources */,
				73569EB8272FA59D00A72153 /* Testinputphoto.swift in Sources */,
				EE9B91D4272D2E7B005BCFA5 /* ForgotView.swift in Sources */,
			);
			runOnlyForDeploymentPostprocessing = 0;
		};
/* End PBXSourcesBuildPhase section */

/* Begin PBXVariantGroup section */
		73BFFFD127214EAF00375684 /* LaunchScreen.storyboard */ = {
			isa = PBXVariantGroup;
			children = (
				73BFFFD227214EAF00375684 /* Base */,
			);
			name = LaunchScreen.storyboard;
			sourceTree = "<group>";
		};
/* End PBXVariantGroup section */

/* Begin XCBuildConfiguration section */
		73BFFFD527214EAF00375684 /* Debug */ = {
			isa = XCBuildConfiguration;
			buildSettings = {
				ALWAYS_SEARCH_USER_PATHS = NO;
				CLANG_ANALYZER_NONNULL = YES;
				CLANG_ANALYZER_NUMBER_OBJECT_CONVERSION = YES_AGGRESSIVE;
				CLANG_CXX_LANGUAGE_STANDARD = "gnu++14";
				CLANG_CXX_LIBRARY = "libc++";
				CLANG_ENABLE_MODULES = YES;
				CLANG_ENABLE_OBJC_ARC = YES;
				CLANG_ENABLE_OBJC_WEAK = YES;
				CLANG_WARN_BLOCK_CAPTURE_AUTORELEASING = YES;
				CLANG_WARN_BOOL_CONVERSION = YES;
				CLANG_WARN_COMMA = YES;
				CLANG_WARN_CONSTANT_CONVERSION = YES;
				CLANG_WARN_DEPRECATED_OBJC_IMPLEMENTATIONS = YES;
				CLANG_WARN_DIRECT_OBJC_ISA_USAGE = YES_ERROR;
				CLANG_WARN_DOCUMENTATION_COMMENTS = YES;
				CLANG_WARN_EMPTY_BODY = YES;
				CLANG_WARN_ENUM_CONVERSION = YES;
				CLANG_WARN_INFINITE_RECURSION = YES;
				CLANG_WARN_INT_CONVERSION = YES;
				CLANG_WARN_NON_LITERAL_NULL_CONVERSION = YES;
				CLANG_WARN_OBJC_IMPLICIT_RETAIN_SELF = YES;
				CLANG_WARN_OBJC_LITERAL_CONVERSION = YES;
				CLANG_WARN_OBJC_ROOT_CLASS = YES_ERROR;
				CLANG_WARN_QUOTED_INCLUDE_IN_FRAMEWORK_HEADER = YES;
				CLANG_WARN_RANGE_LOOP_ANALYSIS = YES;
				CLANG_WARN_STRICT_PROTOTYPES = YES;
				CLANG_WARN_SUSPICIOUS_MOVE = YES;
				CLANG_WARN_UNGUARDED_AVAILABILITY = YES_AGGRESSIVE;
				CLANG_WARN_UNREACHABLE_CODE = YES;
				CLANG_WARN__DUPLICATE_METHOD_MATCH = YES;
				COPY_PHASE_STRIP = NO;
				DEBUG_INFORMATION_FORMAT = dwarf;
				ENABLE_STRICT_OBJC_MSGSEND = YES;
				ENABLE_TESTABILITY = YES;
				GCC_C_LANGUAGE_STANDARD = gnu11;
				GCC_DYNAMIC_NO_PIC = NO;
				GCC_NO_COMMON_BLOCKS = YES;
				GCC_OPTIMIZATION_LEVEL = 0;
				GCC_PREPROCESSOR_DEFINITIONS = (
					"DEBUG=1",
					"$(inherited)",
				);
				GCC_WARN_64_TO_32_BIT_CONVERSION = YES;
				GCC_WARN_ABOUT_RETURN_TYPE = YES_ERROR;
				GCC_WARN_UNDECLARED_SELECTOR = YES;
				GCC_WARN_UNINITIALIZED_AUTOS = YES_AGGRESSIVE;
				GCC_WARN_UNUSED_FUNCTION = YES;
				GCC_WARN_UNUSED_VARIABLE = YES;
				IPHONEOS_DEPLOYMENT_TARGET = 14.5;
				MTL_ENABLE_DEBUG_INFO = INCLUDE_SOURCE;
				MTL_FAST_MATH = YES;
				ONLY_ACTIVE_ARCH = YES;
				SDKROOT = iphoneos;
				SWIFT_ACTIVE_COMPILATION_CONDITIONS = DEBUG;
				SWIFT_OPTIMIZATION_LEVEL = "-Onone";
			};
			name = Debug;
		};
		73BFFFD627214EAF00375684 /* Release */ = {
			isa = XCBuildConfiguration;
			buildSettings = {
				ALWAYS_SEARCH_USER_PATHS = NO;
				CLANG_ANALYZER_NONNULL = YES;
				CLANG_ANALYZER_NUMBER_OBJECT_CONVERSION = YES_AGGRESSIVE;
				CLANG_CXX_LANGUAGE_STANDARD = "gnu++14";
				CLANG_CXX_LIBRARY = "libc++";
				CLANG_ENABLE_MODULES = YES;
				CLANG_ENABLE_OBJC_ARC = YES;
				CLANG_ENABLE_OBJC_WEAK = YES;
				CLANG_WARN_BLOCK_CAPTURE_AUTORELEASING = YES;
				CLANG_WARN_BOOL_CONVERSION = YES;
				CLANG_WARN_COMMA = YES;
				CLANG_WARN_CONSTANT_CONVERSION = YES;
				CLANG_WARN_DEPRECATED_OBJC_IMPLEMENTATIONS = YES;
				CLANG_WARN_DIRECT_OBJC_ISA_USAGE = YES_ERROR;
				CLANG_WARN_DOCUMENTATION_COMMENTS = YES;
				CLANG_WARN_EMPTY_BODY = YES;
				CLANG_WARN_ENUM_CONVERSION = YES;
				CLANG_WARN_INFINITE_RECURSION = YES;
				CLANG_WARN_INT_CONVERSION = YES;
				CLANG_WARN_NON_LITERAL_NULL_CONVERSION = YES;
				CLANG_WARN_OBJC_IMPLICIT_RETAIN_SELF = YES;
				CLANG_WARN_OBJC_LITERAL_CONVERSION = YES;
				CLANG_WARN_OBJC_ROOT_CLASS = YES_ERROR;
				CLANG_WARN_QUOTED_INCLUDE_IN_FRAMEWORK_HEADER = YES;
				CLANG_WARN_RANGE_LOOP_ANALYSIS = YES;
				CLANG_WARN_STRICT_PROTOTYPES = YES;
				CLANG_WARN_SUSPICIOUS_MOVE = YES;
				CLANG_WARN_UNGUARDED_AVAILABILITY = YES_AGGRESSIVE;
				CLANG_WARN_UNREACHABLE_CODE = YES;
				CLANG_WARN__DUPLICATE_METHOD_MATCH = YES;
				COPY_PHASE_STRIP = NO;
				DEBUG_INFORMATION_FORMAT = "dwarf-with-dsym";
				ENABLE_NS_ASSERTIONS = NO;
				ENABLE_STRICT_OBJC_MSGSEND = YES;
				GCC_C_LANGUAGE_STANDARD = gnu11;
				GCC_NO_COMMON_BLOCKS = YES;
				GCC_WARN_64_TO_32_BIT_CONVERSION = YES;
				GCC_WARN_ABOUT_RETURN_TYPE = YES_ERROR;
				GCC_WARN_UNDECLARED_SELECTOR = YES;
				GCC_WARN_UNINITIALIZED_AUTOS = YES_AGGRESSIVE;
				GCC_WARN_UNUSED_FUNCTION = YES;
				GCC_WARN_UNUSED_VARIABLE = YES;
				IPHONEOS_DEPLOYMENT_TARGET = 14.5;
				MTL_ENABLE_DEBUG_INFO = NO;
				MTL_FAST_MATH = YES;
				SDKROOT = iphoneos;
				SWIFT_COMPILATION_MODE = wholemodule;
				SWIFT_OPTIMIZATION_LEVEL = "-O";
				VALIDATE_PRODUCT = YES;
			};
			name = Release;
		};
		73BFFFD827214EAF00375684 /* Debug */ = {
			isa = XCBuildConfiguration;
			buildSettings = {
				ASSETCATALOG_COMPILER_APPICON_NAME = AppIcon;
				ASSETCATALOG_COMPILER_GLOBAL_ACCENT_COLOR_NAME = AccentColor;
				CODE_SIGN_ENTITLEMENTS = PrivateLibrary/PrivateLibrary.entitlements;
				CODE_SIGN_STYLE = Automatic;
				DEVELOPMENT_ASSET_PATHS = "\"PrivateLibrary/Preview Content\"";
				ENABLE_PREVIEWS = YES;
				INFOPLIST_FILE = PrivateLibrary/Info.plist;
				LD_RUNPATH_SEARCH_PATHS = (
					"$(inherited)",
					"@executable_path/Frameworks",
				);
				PRODUCT_BUNDLE_IDENTIFIER = yellowRibbonToCode.PrivateLibrary;
				PRODUCT_NAME = "$(TARGET_NAME)";
				SWIFT_VERSION = 5.0;
				TARGETED_DEVICE_FAMILY = "1,2";
			};
			name = Debug;
		};
		73BFFFD927214EAF00375684 /* Release */ = {
			isa = XCBuildConfiguration;
			buildSettings = {
				ASSETCATALOG_COMPILER_APPICON_NAME = AppIcon;
				ASSETCATALOG_COMPILER_GLOBAL_ACCENT_COLOR_NAME = AccentColor;
				CODE_SIGN_ENTITLEMENTS = PrivateLibrary/PrivateLibrary.entitlements;
				CODE_SIGN_STYLE = Automatic;
				DEVELOPMENT_ASSET_PATHS = "\"PrivateLibrary/Preview Content\"";
				ENABLE_PREVIEWS = YES;
				INFOPLIST_FILE = PrivateLibrary/Info.plist;
				LD_RUNPATH_SEARCH_PATHS = (
					"$(inherited)",
					"@executable_path/Frameworks",
				);
				PRODUCT_BUNDLE_IDENTIFIER = yellowRibbonToCode.PrivateLibrary;
				PRODUCT_NAME = "$(TARGET_NAME)";
				SWIFT_VERSION = 5.0;
				TARGETED_DEVICE_FAMILY = "1,2";
			};
			name = Release;
		};
/* End XCBuildConfiguration section */

/* Begin XCConfigurationList section */
		73BFFFBB27214EAE00375684 /* Build configuration list for PBXProject "PrivateLibrary" */ = {
			isa = XCConfigurationList;
			buildConfigurations = (
				73BFFFD527214EAF00375684 /* Debug */,
				73BFFFD627214EAF00375684 /* Release */,
			);
			defaultConfigurationIsVisible = 0;
			defaultConfigurationName = Release;
		};
		73BFFFD727214EAF00375684 /* Build configuration list for PBXNativeTarget "PrivateLibrary" */ = {
			isa = XCConfigurationList;
			buildConfigurations = (
				73BFFFD827214EAF00375684 /* Debug */,
				73BFFFD927214EAF00375684 /* Release */,
			);
			defaultConfigurationIsVisible = 0;
			defaultConfigurationName = Release;
		};
/* End XCConfigurationList section */

/* Begin XCRemoteSwiftPackageReference section */
		7322C07F272A929300D426F7 /* XCRemoteSwiftPackageReference "Resolver" */ = {
			isa = XCRemoteSwiftPackageReference;
			repositoryURL = "https://github.com/hmlongco/Resolver";
			requirement = {
				kind = upToNextMajorVersion;
				minimumVersion = 1.0.0;
			};
		};
		737EBDAC272A865D00C4513D /* XCRemoteSwiftPackageReference "firebase-ios-sdk" */ = {
			isa = XCRemoteSwiftPackageReference;
			repositoryURL = "https://github.com/firebase/firebase-ios-sdk.git";
			requirement = {
				kind = upToNextMajorVersion;
				minimumVersion = 8.0.0;
			};
		};
/* End XCRemoteSwiftPackageReference section */

/* Begin XCSwiftPackageProductDependency section */
		7322C080272A929300D426F7 /* Resolver */ = {
			isa = XCSwiftPackageProductDependency;
			package = 7322C07F272A929300D426F7 /* XCRemoteSwiftPackageReference "Resolver" */;
			productName = Resolver;
		};
		737EBDAD272A865D00C4513D /* FirebaseAnalytics */ = {
			isa = XCSwiftPackageProductDependency;
			package = 737EBDAC272A865D00C4513D /* XCRemoteSwiftPackageReference "firebase-ios-sdk" */;
			productName = FirebaseAnalytics;
		};
		737EBDAF272A865D00C4513D /* FirebaseAnalyticsSwift-Beta */ = {
			isa = XCSwiftPackageProductDependency;
			package = 737EBDAC272A865D00C4513D /* XCRemoteSwiftPackageReference "firebase-ios-sdk" */;
			productName = "FirebaseAnalyticsSwift-Beta";
		};
		737EBDB1272A865D00C4513D /* FirebaseAuth */ = {
			isa = XCSwiftPackageProductDependency;
			package = 737EBDAC272A865D00C4513D /* XCRemoteSwiftPackageReference "firebase-ios-sdk" */;
			productName = FirebaseAuth;
		};
		737EBDB3272A865D00C4513D /* FirebaseDatabase */ = {
			isa = XCSwiftPackageProductDependency;
			package = 737EBDAC272A865D00C4513D /* XCRemoteSwiftPackageReference "firebase-ios-sdk" */;
			productName = FirebaseDatabase;
		};
		737EBDB5272A865D00C4513D /* FirebaseDatabaseSwift-Beta */ = {
			isa = XCSwiftPackageProductDependency;
			package = 737EBDAC272A865D00C4513D /* XCRemoteSwiftPackageReference "firebase-ios-sdk" */;
			productName = "FirebaseDatabaseSwift-Beta";
		};
		737EBDB7272A865D00C4513D /* FirebaseFirestore */ = {
			isa = XCSwiftPackageProductDependency;
			package = 737EBDAC272A865D00C4513D /* XCRemoteSwiftPackageReference "firebase-ios-sdk" */;
			productName = FirebaseFirestore;
		};
		737EBDB9272A865D00C4513D /* FirebaseFirestoreSwift-Beta */ = {
			isa = XCSwiftPackageProductDependency;
			package = 737EBDAC272A865D00C4513D /* XCRemoteSwiftPackageReference "firebase-ios-sdk" */;
			productName = "FirebaseFirestoreSwift-Beta";
		};
		737EBDBB272A865D00C4513D /* FirebaseFunctions */ = {
			isa = XCSwiftPackageProductDependency;
			package = 737EBDAC272A865D00C4513D /* XCRemoteSwiftPackageReference "firebase-ios-sdk" */;
			productName = FirebaseFunctions;
		};
		737EBDBD272A865D00C4513D /* FirebaseInAppMessaging-Beta */ = {
			isa = XCSwiftPackageProductDependency;
			package = 737EBDAC272A865D00C4513D /* XCRemoteSwiftPackageReference "firebase-ios-sdk" */;
			productName = "FirebaseInAppMessaging-Beta";
		};
		737EBDBF272A865D00C4513D /* FirebaseInAppMessagingSwift-Beta */ = {
			isa = XCSwiftPackageProductDependency;
			package = 737EBDAC272A865D00C4513D /* XCRemoteSwiftPackageReference "firebase-ios-sdk" */;
			productName = "FirebaseInAppMessagingSwift-Beta";
		};
		737EBDC1272A865D00C4513D /* FirebaseMessaging */ = {
			isa = XCSwiftPackageProductDependency;
			package = 737EBDAC272A865D00C4513D /* XCRemoteSwiftPackageReference "firebase-ios-sdk" */;
			productName = FirebaseMessaging;
		};
		737EBDC3272A865D00C4513D /* FirebasePerformance */ = {
			isa = XCSwiftPackageProductDependency;
			package = 737EBDAC272A865D00C4513D /* XCRemoteSwiftPackageReference "firebase-ios-sdk" */;
			productName = FirebasePerformance;
		};
		737EBDC5272A865D00C4513D /* FirebaseRemoteConfig */ = {
			isa = XCSwiftPackageProductDependency;
			package = 737EBDAC272A865D00C4513D /* XCRemoteSwiftPackageReference "firebase-ios-sdk" */;
			productName = FirebaseRemoteConfig;
		};
		737EBDC7272A865D00C4513D /* FirebaseStorage */ = {
			isa = XCSwiftPackageProductDependency;
			package = 737EBDAC272A865D00C4513D /* XCRemoteSwiftPackageReference "firebase-ios-sdk" */;
			productName = FirebaseStorage;
		};
		737EBDC9272A865D00C4513D /* FirebaseStorageSwift-Beta */ = {
			isa = XCSwiftPackageProductDependency;
			package = 737EBDAC272A865D00C4513D /* XCRemoteSwiftPackageReference "firebase-ios-sdk" */;
			productName = "FirebaseStorageSwift-Beta";
		};
/* End XCSwiftPackageProductDependency section */

/* Begin XCVersionGroup section */
		73BFFFC927214EAE00375684 /* PrivateLibrary.xcdatamodeld */ = {
			isa = XCVersionGroup;
			children = (
				73BFFFCA27214EAE00375684 /* PrivateLibrary.xcdatamodel */,
			);
			currentVersion = 73BFFFCA27214EAE00375684 /* PrivateLibrary.xcdatamodel */;
			path = PrivateLibrary.xcdatamodeld;
			sourceTree = "<group>";
			versionGroupType = wrapper.xcdatamodel;
		};
/* End XCVersionGroup section */
	};
	rootObject = 73BFFFB827214EAE00375684 /* Project object */;
}
