// !$*UTF8*$!
{
	archiveVersion = 1;
	classes = {
	};
	objectVersion = 50;
	objects = {

/* Begin PBXBuildFile section */
		732B94BE2726C379005A7416 /* LoginView.swift in Sources */ = {isa = PBXBuildFile; fileRef = 732B94BD2726C379005A7416 /* LoginView.swift */; };
		732BF58E27267CC800DC18E3 /* libData.json in Resources */ = {isa = PBXBuildFile; fileRef = 732BF58D27267CC800DC18E3 /* libData.json */; };
		73B6F01127264CA300446F4B /* Icon.swift in Sources */ = {isa = PBXBuildFile; fileRef = 73B6F01027264CA300446F4B /* Icon.swift */; };
		73B6F015272679C600446F4B /* ViewModel.swift in Sources */ = {isa = PBXBuildFile; fileRef = 73B6F014272679C600446F4B /* ViewModel.swift */; };
		73BC055A27227DE90092B483 /* Color.swift in Sources */ = {isa = PBXBuildFile; fileRef = 73BC055927227DE90092B483 /* Color.swift */; };
		73BFFFC427214EAE00375684 /* AppDelegate.swift in Sources */ = {isa = PBXBuildFile; fileRef = 73BFFFC327214EAE00375684 /* AppDelegate.swift */; };
		73BFFFC627214EAE00375684 /* SceneDelegate.swift in Sources */ = {isa = PBXBuildFile; fileRef = 73BFFFC527214EAE00375684 /* SceneDelegate.swift */; };
		73BFFFC827214EAE00375684 /* ContentView.swift in Sources */ = {isa = PBXBuildFile; fileRef = 73BFFFC727214EAE00375684 /* ContentView.swift */; };
		73BFFFCB27214EAE00375684 /* PrivateLibrary.xcdatamodeld in Sources */ = {isa = PBXBuildFile; fileRef = 73BFFFC927214EAE00375684 /* PrivateLibrary.xcdatamodeld */; };
		73BFFFCD27214EAF00375684 /* Assets.xcassets in Resources */ = {isa = PBXBuildFile; fileRef = 73BFFFCC27214EAF00375684 /* Assets.xcassets */; };
		73BFFFD027214EAF00375684 /* Preview Assets.xcassets in Resources */ = {isa = PBXBuildFile; fileRef = 73BFFFCF27214EAF00375684 /* Preview Assets.xcassets */; };
		73BFFFD327214EAF00375684 /* LaunchScreen.storyboard in Resources */ = {isa = PBXBuildFile; fileRef = 73BFFFD127214EAF00375684 /* LaunchScreen.storyboard */; };
		73C09B3D2725250A0048BC85 /* MapView.swift in Sources */ = {isa = PBXBuildFile; fileRef = 73C09B3C2725250A0048BC85 /* MapView.swift */; };
		73C09B402725279D0048BC85 /* DetailView.swift in Sources */ = {isa = PBXBuildFile; fileRef = 73C09B3F2725279D0048BC85 /* DetailView.swift */; };
		73C09B4927252F980048BC85 /* ModelData.swift in Sources */ = {isa = PBXBuildFile; fileRef = 73C09B4827252F980048BC85 /* ModelData.swift */; };
/* End PBXBuildFile section */

/* Begin PBXFileReference section */
		732B94BD2726C379005A7416 /* LoginView.swift */ = {isa = PBXFileReference; lastKnownFileType = sourcecode.swift; path = LoginView.swift; sourceTree = "<group>"; };
		732BF58D27267CC800DC18E3 /* libData.json */ = {isa = PBXFileReference; fileEncoding = 4; lastKnownFileType = text.json; path = libData.json; sourceTree = "<group>"; };
		73B6F01027264CA300446F4B /* Icon.swift */ = {isa = PBXFileReference; lastKnownFileType = sourcecode.swift; path = Icon.swift; sourceTree = "<group>"; };
		73B6F014272679C600446F4B /* ViewModel.swift */ = {isa = PBXFileReference; lastKnownFileType = sourcecode.swift; path = ViewModel.swift; sourceTree = "<group>"; };
		73BC055927227DE90092B483 /* Color.swift */ = {isa = PBXFileReference; lastKnownFileType = sourcecode.swift; path = Color.swift; sourceTree = "<group>"; };
		73BFFFC027214EAE00375684 /* PrivateLibrary.app */ = {isa = PBXFileReference; explicitFileType = wrapper.application; includeInIndex = 0; path = PrivateLibrary.app; sourceTree = BUILT_PRODUCTS_DIR; };
		73BFFFC327214EAE00375684 /* AppDelegate.swift */ = {isa = PBXFileReference; lastKnownFileType = sourcecode.swift; path = AppDelegate.swift; sourceTree = "<group>"; };
		73BFFFC527214EAE00375684 /* SceneDelegate.swift */ = {isa = PBXFileReference; lastKnownFileType = sourcecode.swift; path = SceneDelegate.swift; sourceTree = "<group>"; };
		73BFFFC727214EAE00375684 /* ContentView.swift */ = {isa = PBXFileReference; lastKnownFileType = sourcecode.swift; path = ContentView.swift; sourceTree = "<group>"; };
		73BFFFCA27214EAE00375684 /* PrivateLibrary.xcdatamodel */ = {isa = PBXFileReference; lastKnownFileType = wrapper.xcdatamodel; path = PrivateLibrary.xcdatamodel; sourceTree = "<group>"; };
		73BFFFCC27214EAF00375684 /* Assets.xcassets */ = {isa = PBXFileReference; lastKnownFileType = folder.assetcatalog; path = Assets.xcassets; sourceTree = "<group>"; };
		73BFFFCF27214EAF00375684 /* Preview Assets.xcassets */ = {isa = PBXFileReference; lastKnownFileType = folder.assetcatalog; path = "Preview Assets.xcassets"; sourceTree = "<group>"; };
		73BFFFD227214EAF00375684 /* Base */ = {isa = PBXFileReference; lastKnownFileType = file.storyboard; name = Base; path = Base.lproj/LaunchScreen.storyboard; sourceTree = "<group>"; };
		73BFFFD427214EAF00375684 /* Info.plist */ = {isa = PBXFileReference; lastKnownFileType = text.plist.xml; path = Info.plist; sourceTree = "<group>"; };
		73C09B3C2725250A0048BC85 /* MapView.swift */ = {isa = PBXFileReference; lastKnownFileType = sourcecode.swift; path = MapView.swift; sourceTree = "<group>"; };
		73C09B3F2725279D0048BC85 /* DetailView.swift */ = {isa = PBXFileReference; lastKnownFileType = sourcecode.swift; path = DetailView.swift; sourceTree = "<group>"; };
		73C09B4827252F980048BC85 /* ModelData.swift */ = {isa = PBXFileReference; lastKnownFileType = sourcecode.swift; path = ModelData.swift; sourceTree = "<group>"; };
/* End PBXFileReference section */

/* Begin PBXFrameworksBuildPhase section */
		73BFFFBD27214EAE00375684 /* Frameworks */ = {
			isa = PBXFrameworksBuildPhase;
			buildActionMask = 2147483647;
			files = (
			);
			runOnlyForDeploymentPostprocessing = 0;
		};
/* End PBXFrameworksBuildPhase section */

/* Begin PBXGroup section */
		7346DE8D272171FB0053C4C7 /* Model */ = {
			isa = PBXGroup;
			children = (
				73C09B4827252F980048BC85 /* ModelData.swift */,
				73B6F014272679C600446F4B /* ViewModel.swift */,
			);
			path = Model;
			sourceTree = "<group>";
		};
		73BC055B27227E2B0092B483 /* Extension */ = {
			isa = PBXGroup;
			children = (
				73BC055927227DE90092B483 /* Color.swift */,
			);
			path = Extension;
			sourceTree = "<group>";
		};
		73BFFFB727214EAE00375684 = {
			isa = PBXGroup;
			children = (
				73C09B4A272534590048BC85 /* Resources */,
				73C09B3E2725278B0048BC85 /* Views */,
				73BC055B27227E2B0092B483 /* Extension */,
				7346DE8D272171FB0053C4C7 /* Model */,
				73BFFFC227214EAE00375684 /* PrivateLibrary */,
				73BFFFC127214EAE00375684 /* Products */,
			);
			sourceTree = "<group>";
		};
		73BFFFC127214EAE00375684 /* Products */ = {
			isa = PBXGroup;
			children = (
				73BFFFC027214EAE00375684 /* PrivateLibrary.app */,
			);
			name = Products;
			sourceTree = "<group>";
		};
		73BFFFC227214EAE00375684 /* PrivateLibrary */ = {
			isa = PBXGroup;
			children = (
				73BFFFC327214EAE00375684 /* AppDelegate.swift */,
				73BFFFC527214EAE00375684 /* SceneDelegate.swift */,
				73BFFFC727214EAE00375684 /* ContentView.swift */,
				73BFFFCC27214EAF00375684 /* Assets.xcassets */,
				73BFFFD127214EAF00375684 /* LaunchScreen.storyboard */,
				73BFFFD427214EAF00375684 /* Info.plist */,
				73BFFFC927214EAE00375684 /* PrivateLibrary.xcdatamodeld */,
				73BFFFCE27214EAF00375684 /* Preview Content */,
			);
			path = PrivateLibrary;
			sourceTree = "<group>";
		};
		73BFFFCE27214EAF00375684 /* Preview Content */ = {
			isa = PBXGroup;
			children = (
				73BFFFCF27214EAF00375684 /* Preview Assets.xcassets */,
			);
			path = "Preview Content";
			sourceTree = "<group>";
		};
		73C09B3E2725278B0048BC85 /* Views */ = {
			isa = PBXGroup;
			children = (
				73C09B3C2725250A0048BC85 /* MapView.swift */,
				732B94BD2726C379005A7416 /* LoginView.swift */,
				73C09B3F2725279D0048BC85 /* DetailView.swift */,
				73B6F01027264CA300446F4B /* Icon.swift */,
			);
			path = Views;
			sourceTree = "<group>";
		};
		73C09B4A272534590048BC85 /* Resources */ = {
			isa = PBXGroup;
			children = (
				732BF58D27267CC800DC18E3 /* libData.json */,
			);
			path = Resources;
			sourceTree = "<group>";
		};
/* End PBXGroup section */

/* Begin PBXNativeTarget section */
		73BFFFBF27214EAE00375684 /* PrivateLibrary */ = {
			isa = PBXNativeTarget;
			buildConfigurationList = 73BFFFD727214EAF00375684 /* Build configuration list for PBXNativeTarget "PrivateLibrary" */;
			buildPhases = (
				73BFFFBC27214EAE00375684 /* Sources */,
				73BFFFBD27214EAE00375684 /* Frameworks */,
				73BFFFBE27214EAE00375684 /* Resources */,
			);
			buildRules = (
			);
			dependencies = (
			);
			name = PrivateLibrary;
			productName = PrivateLibrary;
			productReference = 73BFFFC027214EAE00375684 /* PrivateLibrary.app */;
			productType = "com.apple.product-type.application";
		};
/* End PBXNativeTarget section */

/* Begin PBXProject section */
		73BFFFB827214EAE00375684 /* Project object */ = {
			isa = PBXProject;
			attributes = {
				LastSwiftUpdateCheck = 1250;
				LastUpgradeCheck = 1250;
				TargetAttributes = {
					73BFFFBF27214EAE00375684 = {
						CreatedOnToolsVersion = 12.5.1;
					};
				};
			};
			buildConfigurationList = 73BFFFBB27214EAE00375684 /* Build configuration list for PBXProject "PrivateLibrary" */;
			compatibilityVersion = "Xcode 9.3";
			developmentRegion = en;
			hasScannedForEncodings = 0;
			knownRegions = (
				en,
				Base,
			);
			mainGroup = 73BFFFB727214EAE00375684;
			productRefGroup = 73BFFFC127214EAE00375684 /* Products */;
			projectDirPath = "";
			projectRoot = "";
			targets = (
				73BFFFBF27214EAE00375684 /* PrivateLibrary */,
			);
		};
/* End PBXProject section */

/* Begin PBXResourcesBuildPhase section */
		73BFFFBE27214EAE00375684 /* Resources */ = {
			isa = PBXResourcesBuildPhase;
			buildActionMask = 2147483647;
			files = (
				73BFFFD327214EAF00375684 /* LaunchScreen.storyboard in Resources */,
				73BFFFD027214EAF00375684 /* Preview Assets.xcassets in Resources */,
				732BF58E27267CC800DC18E3 /* libData.json in Resources */,
				73BFFFCD27214EAF00375684 /* Assets.xcassets in Resources */,
			);
			runOnlyForDeploymentPostprocessing = 0;
		};
/* End PBXResourcesBuildPhase section */

/* Begin PBXSourcesBuildPhase section */
		73BFFFBC27214EAE00375684 /* Sources */ = {
			isa = PBXSourcesBuildPhase;
			buildActionMask = 2147483647;
			files = (
				73BC055A27227DE90092B483 /* Color.swift in Sources */,
				73BFFFC427214EAE00375684 /* AppDelegate.swift in Sources */,
				73C09B4927252F980048BC85 /* ModelData.swift in Sources */,
				73B6F01127264CA300446F4B /* Icon.swift in Sources */,
				73B6F015272679C600446F4B /* ViewModel.swift in Sources */,
				73C09B402725279D0048BC85 /* DetailView.swift in Sources */,
				73BFFFC627214EAE00375684 /* SceneDelegate.swift in Sources */,
				73BFFFC827214EAE00375684 /* ContentView.swift in Sources */,
				73BFFFCB27214EAE00375684 /* PrivateLibrary.xcdatamodeld in Sources */,
				73C09B3D2725250A0048BC85 /* MapView.swift in Sources */,
				732B94BE2726C379005A7416 /* LoginView.swift in Sources */,
			);
			runOnlyForDeploymentPostprocessing = 0;
		};
/* End PBXSourcesBuildPhase section */

/* Begin PBXVariantGroup section */
		73BFFFD127214EAF00375684 /* LaunchScreen.storyboard */ = {
			isa = PBXVariantGroup;
			children = (
				73BFFFD227214EAF00375684 /* Base */,
			);
			name = LaunchScreen.storyboard;
			sourceTree = "<group>";
		};
/* End PBXVariantGroup section */

/* Begin XCBuildConfiguration section */
		73BFFFD527214EAF00375684 /* Debug */ = {
			isa = XCBuildConfiguration;
			buildSettings = {
				ALWAYS_SEARCH_USER_PATHS = NO;
				CLANG_ANALYZER_NONNULL = YES;
				CLANG_ANALYZER_NUMBER_OBJECT_CONVERSION = YES_AGGRESSIVE;
				CLANG_CXX_LANGUAGE_STANDARD = "gnu++14";
				CLANG_CXX_LIBRARY = "libc++";
				CLANG_ENABLE_MODULES = YES;
				CLANG_ENABLE_OBJC_ARC = YES;
				CLANG_ENABLE_OBJC_WEAK = YES;
				CLANG_WARN_BLOCK_CAPTURE_AUTORELEASING = YES;
				CLANG_WARN_BOOL_CONVERSION = YES;
				CLANG_WARN_COMMA = YES;
				CLANG_WARN_CONSTANT_CONVERSION = YES;
				CLANG_WARN_DEPRECATED_OBJC_IMPLEMENTATIONS = YES;
				CLANG_WARN_DIRECT_OBJC_ISA_USAGE = YES_ERROR;
				CLANG_WARN_DOCUMENTATION_COMMENTS = YES;
				CLANG_WARN_EMPTY_BODY = YES;
				CLANG_WARN_ENUM_CONVERSION = YES;
				CLANG_WARN_INFINITE_RECURSION = YES;
				CLANG_WARN_INT_CONVERSION = YES;
				CLANG_WARN_NON_LITERAL_NULL_CONVERSION = YES;
				CLANG_WARN_OBJC_IMPLICIT_RETAIN_SELF = YES;
				CLANG_WARN_OBJC_LITERAL_CONVERSION = YES;
				CLANG_WARN_OBJC_ROOT_CLASS = YES_ERROR;
				CLANG_WARN_QUOTED_INCLUDE_IN_FRAMEWORK_HEADER = YES;
				CLANG_WARN_RANGE_LOOP_ANALYSIS = YES;
				CLANG_WARN_STRICT_PROTOTYPES = YES;
				CLANG_WARN_SUSPICIOUS_MOVE = YES;
				CLANG_WARN_UNGUARDED_AVAILABILITY = YES_AGGRESSIVE;
				CLANG_WARN_UNREACHABLE_CODE = YES;
				CLANG_WARN__DUPLICATE_METHOD_MATCH = YES;
				COPY_PHASE_STRIP = NO;
				DEBUG_INFORMATION_FORMAT = dwarf;
				ENABLE_STRICT_OBJC_MSGSEND = YES;
				ENABLE_TESTABILITY = YES;
				GCC_C_LANGUAGE_STANDARD = gnu11;
				GCC_DYNAMIC_NO_PIC = NO;
				GCC_NO_COMMON_BLOCKS = YES;
				GCC_OPTIMIZATION_LEVEL = 0;
				GCC_PREPROCESSOR_DEFINITIONS = (
					"DEBUG=1",
					"$(inherited)",
				);
				GCC_WARN_64_TO_32_BIT_CONVERSION = YES;
				GCC_WARN_ABOUT_RETURN_TYPE = YES_ERROR;
				GCC_WARN_UNDECLARED_SELECTOR = YES;
				GCC_WARN_UNINITIALIZED_AUTOS = YES_AGGRESSIVE;
				GCC_WARN_UNUSED_FUNCTION = YES;
				GCC_WARN_UNUSED_VARIABLE = YES;
				IPHONEOS_DEPLOYMENT_TARGET = 14.5;
				MTL_ENABLE_DEBUG_INFO = INCLUDE_SOURCE;
				MTL_FAST_MATH = YES;
				ONLY_ACTIVE_ARCH = YES;
				SDKROOT = iphoneos;
				SWIFT_ACTIVE_COMPILATION_CONDITIONS = DEBUG;
				SWIFT_OPTIMIZATION_LEVEL = "-Onone";
			};
			name = Debug;
		};
		73BFFFD627214EAF00375684 /* Release */ = {
			isa = XCBuildConfiguration;
			buildSettings = {
				ALWAYS_SEARCH_USER_PATHS = NO;
				CLANG_ANALYZER_NONNULL = YES;
				CLANG_ANALYZER_NUMBER_OBJECT_CONVERSION = YES_AGGRESSIVE;
				CLANG_CXX_LANGUAGE_STANDARD = "gnu++14";
				CLANG_CXX_LIBRARY = "libc++";
				CLANG_ENABLE_MODULES = YES;
				CLANG_ENABLE_OBJC_ARC = YES;
				CLANG_ENABLE_OBJC_WEAK = YES;
				CLANG_WARN_BLOCK_CAPTURE_AUTORELEASING = YES;
				CLANG_WARN_BOOL_CONVERSION = YES;
				CLANG_WARN_COMMA = YES;
				CLANG_WARN_CONSTANT_CONVERSION = YES;
				CLANG_WARN_DEPRECATED_OBJC_IMPLEMENTATIONS = YES;
				CLANG_WARN_DIRECT_OBJC_ISA_USAGE = YES_ERROR;
				CLANG_WARN_DOCUMENTATION_COMMENTS = YES;
				CLANG_WARN_EMPTY_BODY = YES;
				CLANG_WARN_ENUM_CONVERSION = YES;
				CLANG_WARN_INFINITE_RECURSION = YES;
				CLANG_WARN_INT_CONVERSION = YES;
				CLANG_WARN_NON_LITERAL_NULL_CONVERSION = YES;
				CLANG_WARN_OBJC_IMPLICIT_RETAIN_SELF = YES;
				CLANG_WARN_OBJC_LITERAL_CONVERSION = YES;
				CLANG_WARN_OBJC_ROOT_CLASS = YES_ERROR;
				CLANG_WARN_QUOTED_INCLUDE_IN_FRAMEWORK_HEADER = YES;
				CLANG_WARN_RANGE_LOOP_ANALYSIS = YES;
				CLANG_WARN_STRICT_PROTOTYPES = YES;
				CLANG_WARN_SUSPICIOUS_MOVE = YES;
				CLANG_WARN_UNGUARDED_AVAILABILITY = YES_AGGRESSIVE;
				CLANG_WARN_UNREACHABLE_CODE = YES;
				CLANG_WARN__DUPLICATE_METHOD_MATCH = YES;
				COPY_PHASE_STRIP = NO;
				DEBUG_INFORMATION_FORMAT = "dwarf-with-dsym";
				ENABLE_NS_ASSERTIONS = NO;
				ENABLE_STRICT_OBJC_MSGSEND = YES;
				GCC_C_LANGUAGE_STANDARD = gnu11;
				GCC_NO_COMMON_BLOCKS = YES;
				GCC_WARN_64_TO_32_BIT_CONVERSION = YES;
				GCC_WARN_ABOUT_RETURN_TYPE = YES_ERROR;
				GCC_WARN_UNDECLARED_SELECTOR = YES;
				GCC_WARN_UNINITIALIZED_AUTOS = YES_AGGRESSIVE;
				GCC_WARN_UNUSED_FUNCTION = YES;
				GCC_WARN_UNUSED_VARIABLE = YES;
				IPHONEOS_DEPLOYMENT_TARGET = 14.5;
				MTL_ENABLE_DEBUG_INFO = NO;
				MTL_FAST_MATH = YES;
				SDKROOT = iphoneos;
				SWIFT_COMPILATION_MODE = wholemodule;
				SWIFT_OPTIMIZATION_LEVEL = "-O";
				VALIDATE_PRODUCT = YES;
			};
			name = Release;
		};
		73BFFFD827214EAF00375684 /* Debug */ = {
			isa = XCBuildConfiguration;
			buildSettings = {
				ASSETCATALOG_COMPILER_APPICON_NAME = AppIcon;
				ASSETCATALOG_COMPILER_GLOBAL_ACCENT_COLOR_NAME = AccentColor;
				CODE_SIGN_STYLE = Automatic;
				DEVELOPMENT_ASSET_PATHS = "\"PrivateLibrary/Preview Content\"";
				ENABLE_PREVIEWS = YES;
				INFOPLIST_FILE = PrivateLibrary/Info.plist;
				LD_RUNPATH_SEARCH_PATHS = (
					"$(inherited)",
					"@executable_path/Frameworks",
				);
				PRODUCT_BUNDLE_IDENTIFIER = yellowRibbonToCode.PrivateLibrary;
				PRODUCT_NAME = "$(TARGET_NAME)";
				SWIFT_VERSION = 5.0;
				TARGETED_DEVICE_FAMILY = "1,2";
			};
			name = Debug;
		};
		73BFFFD927214EAF00375684 /* Release */ = {
			isa = XCBuildConfiguration;
			buildSettings = {
				ASSETCATALOG_COMPILER_APPICON_NAME = AppIcon;
				ASSETCATALOG_COMPILER_GLOBAL_ACCENT_COLOR_NAME = AccentColor;
				CODE_SIGN_STYLE = Automatic;
				DEVELOPMENT_ASSET_PATHS = "\"PrivateLibrary/Preview Content\"";
				ENABLE_PREVIEWS = YES;
				INFOPLIST_FILE = PrivateLibrary/Info.plist;
				LD_RUNPATH_SEARCH_PATHS = (
					"$(inherited)",
					"@executable_path/Frameworks",
				);
				PRODUCT_BUNDLE_IDENTIFIER = yellowRibbonToCode.PrivateLibrary;
				PRODUCT_NAME = "$(TARGET_NAME)";
				SWIFT_VERSION = 5.0;
				TARGETED_DEVICE_FAMILY = "1,2";
			};
			name = Release;
		};
/* End XCBuildConfiguration section */

/* Begin XCConfigurationList section */
		73BFFFBB27214EAE00375684 /* Build configuration list for PBXProject "PrivateLibrary" */ = {
			isa = XCConfigurationList;
			buildConfigurations = (
				73BFFFD527214EAF00375684 /* Debug */,
				73BFFFD627214EAF00375684 /* Release */,
			);
			defaultConfigurationIsVisible = 0;
			defaultConfigurationName = Release;
		};
		73BFFFD727214EAF00375684 /* Build configuration list for PBXNativeTarget "PrivateLibrary" */ = {
			isa = XCConfigurationList;
			buildConfigurations = (
				73BFFFD827214EAF00375684 /* Debug */,
				73BFFFD927214EAF00375684 /* Release */,
			);
			defaultConfigurationIsVisible = 0;
			defaultConfigurationName = Release;
		};
/* End XCConfigurationList section */

/* Begin XCVersionGroup section */
		73BFFFC927214EAE00375684 /* PrivateLibrary.xcdatamodeld */ = {
			isa = XCVersionGroup;
			children = (
				73BFFFCA27214EAE00375684 /* PrivateLibrary.xcdatamodel */,
			);
			currentVersion = 73BFFFCA27214EAE00375684 /* PrivateLibrary.xcdatamodel */;
			path = PrivateLibrary.xcdatamodeld;
			sourceTree = "<group>";
			versionGroupType = wrapper.xcdatamodel;
		};
/* End XCVersionGroup section */
	};
	rootObject = 73BFFFB827214EAE00375684 /* Project object */;
}
